
Microsoft Visual Studio Solution File, Format Version 12.00
# RemObjects Fire
Project("{656346D9-4656-40DA-A068-22D5425D4639}") = "Elements.RTL.Shared", "..\Source\Elements.RTL.Shared.elements", "{ABEC8ACC-B076-406C-871B-581E8AF0A453}"
EndProject
Project("{656346D9-4656-40DA-A068-22D5425D4639}") = "Elements.RTL2.Tests.Echoes", "Elements.RTL2.Tests.Echoes.elements", "{4FE86A5E-1886-47EC-921E-D93AE32079B2}"
EndProject
Project("{656346D9-4656-40DA-A068-22D5425D4639}") = "Elements.RTL2.Tests.Shared", "Elements.RTL2.Tests.Shared.elements", "{9EAFE57A-81AB-42B5-A0FA-2FD186093D91}"
EndProject
Global
	GlobalSection(SolutionConfigurationPlatforms) = preSolution
		Debug|AnyCPU = Debug|AnyCPU
		Release|AnyCPU = Release|AnyCPU
	EndGlobalSection
	GlobalSection(ProjectConfigurationPlatforms) = postSolution
		{ABEC8ACC-B076-406C-871B-581E8AF0A453}.Debug|AnyCPU.ActiveCfg = Debug|AnyCPU
		{ABEC8ACC-B076-406C-871B-581E8AF0A453}.Release|AnyCPU.ActiveCfg = Release|AnyCPU
		{4FE86A5E-1886-47EC-921E-D93AE32079B2}.Debug|AnyCPU.ActiveCfg = Debug|AnyCPU
		{4FE86A5E-1886-47EC-921E-D93AE32079B2}.Debug|AnyCPU.Build.0 = Debug|AnyCPU
		{4FE86A5E-1886-47EC-921E-D93AE32079B2}.Release|AnyCPU.ActiveCfg = Release|AnyCPU
		{4FE86A5E-1886-47EC-921E-D93AE32079B2}.Release|AnyCPU.Build.0 = Release|AnyCPU
		{9EAFE57A-81AB-42B5-A0FA-2FD186093D91}.Debug|AnyCPU.ActiveCfg = Debug|AnyCPU
		{9EAFE57A-81AB-42B5-A0FA-2FD186093D91}.Release|AnyCPU.ActiveCfg = Release|AnyCPU
	EndGlobalSection
	GlobalSection(SolutionProperties) = preSolution
		HideSolutionNode = FALSE
	EndGlobalSection
EndGlobal