
Microsoft Visual Studio Solution File, Format Version 12.00
# RemObjects Fire
Project("{656346D9-4656-40DA-A068-22D5425D4639}") = "Elements.RTL.Cooper", "..\Source\Elements.RTL.Cooper.elements", "{F9717E15-88BC-4853-8D07-8DBAD8C0B2A9}"
EndProject
Project("{656346D9-4656-40DA-A068-22D5425D4639}") = "Elements.RTL.Echoes", "..\Source\Elements.RTL.Echoes.elements", "{A0B2BF66-F2B1-4EF9-A9CE-792AB3094233}"
EndProject
Project("{656346D9-4656-40DA-A068-22D5425D4639}") = "Elements.RTL.Shared", "..\Source\Elements.RTL.Shared.elements", "{ABEC8ACC-B076-406C-871B-581E8AF0A453}"
EndProject
Project("{656346D9-4656-40DA-A068-22D5425D4639}") = "Elements.RTL.Toffee.macOS", "..\Source\Elements.RTL.Toffee.macOS.elements", "{58D52FE5-E87E-4D9C-8FBB-280980F6762B}"
EndProject
Project("{656346D9-4656-40DA-A068-22D5425D4639}") = "Elements.RTL2.Tests.Cooper", "Elements.RTL2.Tests.Cooper.elements", "{F9394C75-0042-42C1-B0DC-B5ACB2C0C3A7}"
EndProject
Project("{656346D9-4656-40DA-A068-22D5425D4639}") = "Elements.RTL2.Tests.Echoes", "Elements.RTL2.Tests.Echoes.elements", "{4FE86A5E-1886-47EC-921E-D93AE32079B2}"
EndProject
Project("{656346D9-4656-40DA-A068-22D5425D4639}") = "Elements.RTL2.Tests.Shared", "Elements.RTL2.Tests.Shared.elements", "{9EAFE57A-81AB-42B5-A0FA-2FD186093D91}"
EndProject
Project("{656346D9-4656-40DA-A068-22D5425D4639}") = "Elements.RTL2.Tests.Toffee.iOS", "Elements.RTL2.Tests.Toffee.iOS.elements", "{54C9267B-E5C0-44BE-8D1B-A6EF55B9336D}"
EndProject
Project("{656346D9-4656-40DA-A068-22D5425D4639}") = "Elements.RTL2.Tests.Toffee.macOS", "Elements.RTL2.Tests.Toffee.macOS.elements", "{ACFD95B4-2D7F-4C23-9AA1-86C6615A1DA5}"
EndProject
Global
	GlobalSection(SolutionConfigurationPlatforms) = preSolution
		Debug|AnyCPU = Debug|AnyCPU
		Release|AnyCPU = Release|AnyCPU
	EndGlobalSection
	GlobalSection(ProjectConfigurationPlatforms) = postSolution
		{F9717E15-88BC-4853-8D07-8DBAD8C0B2A9}.Debug|AnyCPU.ActiveCfg = Debug|AnyCPU
		{F9717E15-88BC-4853-8D07-8DBAD8C0B2A9}.Debug|AnyCPU.Build.0 = Debug|AnyCPU
		{F9717E15-88BC-4853-8D07-8DBAD8C0B2A9}.Release|AnyCPU.ActiveCfg = Release|AnyCPU
		{F9717E15-88BC-4853-8D07-8DBAD8C0B2A9}.Release|AnyCPU.Build.0 = Release|AnyCPU
		{A0B2BF66-F2B1-4EF9-A9CE-792AB3094233}.Debug|AnyCPU.ActiveCfg = Debug|AnyCPU
		{A0B2BF66-F2B1-4EF9-A9CE-792AB3094233}.Debug|AnyCPU.Build.0 = Debug|AnyCPU
		{A0B2BF66-F2B1-4EF9-A9CE-792AB3094233}.Release|AnyCPU.ActiveCfg = Release|AnyCPU
		{A0B2BF66-F2B1-4EF9-A9CE-792AB3094233}.Release|AnyCPU.Build.0 = Release|AnyCPU
		{58D52FE5-E87E-4D9C-8FBB-280980F6762B}.Debug|AnyCPU.ActiveCfg = Debug|AnyCPU
		{58D52FE5-E87E-4D9C-8FBB-280980F6762B}.Debug|AnyCPU.Build.0 = Debug|AnyCPU
		{58D52FE5-E87E-4D9C-8FBB-280980F6762B}.Release|AnyCPU.ActiveCfg = Release|AnyCPU
		{58D52FE5-E87E-4D9C-8FBB-280980F6762B}.Release|AnyCPU.Build.0 = Release|AnyCPU
		{F9394C75-0042-42C1-B0DC-B5ACB2C0C3A7}.Debug|AnyCPU.ActiveCfg = Debug|AnyCPU
		{F9394C75-0042-42C1-B0DC-B5ACB2C0C3A7}.Debug|AnyCPU.Build.0 = Debug|AnyCPU
		{F9394C75-0042-42C1-B0DC-B5ACB2C0C3A7}.Release|AnyCPU.ActiveCfg = Release|AnyCPU
		{F9394C75-0042-42C1-B0DC-B5ACB2C0C3A7}.Release|AnyCPU.Build.0 = Release|AnyCPU
		{4FE86A5E-1886-47EC-921E-D93AE32079B2}.Debug|AnyCPU.ActiveCfg = Debug|AnyCPU
		{4FE86A5E-1886-47EC-921E-D93AE32079B2}.Debug|AnyCPU.Build.0 = Debug|AnyCPU
		{4FE86A5E-1886-47EC-921E-D93AE32079B2}.Release|AnyCPU.ActiveCfg = Release|AnyCPU
		{4FE86A5E-1886-47EC-921E-D93AE32079B2}.Release|AnyCPU.Build.0 = Release|AnyCPU
		{54C9267B-E5C0-44BE-8D1B-A6EF55B9336D}.Debug|AnyCPU.ActiveCfg = Debug|AnyCPU
		{54C9267B-E5C0-44BE-8D1B-A6EF55B9336D}.Debug|AnyCPU.Build.0 = Debug|AnyCPU
		{54C9267B-E5C0-44BE-8D1B-A6EF55B9336D}.Release|AnyCPU.ActiveCfg = Release|AnyCPU
		{54C9267B-E5C0-44BE-8D1B-A6EF55B9336D}.Release|AnyCPU.Build.0 = Release|AnyCPU
		{ACFD95B4-2D7F-4C23-9AA1-86C6615A1DA5}.Debug|AnyCPU.ActiveCfg = Debug|AnyCPU
		{ACFD95B4-2D7F-4C23-9AA1-86C6615A1DA5}.Debug|AnyCPU.Build.0 = Debug|AnyCPU
		{ACFD95B4-2D7F-4C23-9AA1-86C6615A1DA5}.Release|AnyCPU.ActiveCfg = Release|AnyCPU
		{ACFD95B4-2D7F-4C23-9AA1-86C6615A1DA5}.Release|AnyCPU.Build.0 = Release|AnyCPU
	EndGlobalSection
	GlobalSection(SolutionProperties) = preSolution
		HideSolutionNode = FALSE
	EndGlobalSection
EndGlobal