
Microsoft Visual Studio Solution File, Format Version 12.00
# RemObjects Fire
Project("{656346D9-4656-40DA-A068-22D5425D4639}") = "Elements.RTL.Echoes.Standard", "Elements.RTL.Echoes.Standard.elements", "{B42BF0FD-E746-4A64-A0DF-AF8FFF55DAE5}"
EndProject
Project("{656346D9-4656-40DA-A068-22D5425D4639}") = "Elements.RTL.Shared", "Elements.RTL.Shared.elements", "{ABEC8ACC-B076-406C-871B-581E8AF0A453}"
EndProject
Global
	GlobalSection(SolutionConfigurationPlatforms) = preSolution
		Debug|AnyCPU = Debug|AnyCPU
		Release|AnyCPU = Release|AnyCPU
	EndGlobalSection
	GlobalSection(ProjectConfigurationPlatforms) = postSolution
		{B42BF0FD-E746-4A64-A0DF-AF8FFF55DAE5}.Debug|AnyCPU.ActiveCfg = Debug|AnyCPU
		{B42BF0FD-E746-4A64-A0DF-AF8FFF55DAE5}.Debug|AnyCPU.Build.0 = Debug|AnyCPU
		{B42BF0FD-E746-4A64-A0DF-AF8FFF55DAE5}.Release|AnyCPU.ActiveCfg = Release|AnyCPU
		{B42BF0FD-E746-4A64-A0DF-AF8FFF55DAE5}.Release|AnyCPU.Build.0 = Release|AnyCPU
	EndGlobalSection
	GlobalSection(SolutionProperties) = preSolution
		HideSolutionNode = FALSE
	EndGlobalSection
EndGlobal