
Microsoft Visual Studio Solution File, Format Version 12.00
# RemObjects Fire
Project("{656346d9-4656-40da-a068-22d5425d4639}") = "Elements.RTL", "RemObjects.Elements.RTL\Elements.RTL.elements", "{6f89f939-4116-4b8b-b0a8-71e6f56ed4bd}"
EndProject
Project("{656346d9-4656-40da-a068-22d5425d4639}") = "Elements.RTL.Shared", "RemObjects.Elements.RTL\Elements.RTL.Shared.elements", "{abec8acc-b076-406c-871b-581e8af0a453}"
EndProject
Project("{656346d9-4656-40da-a068-22d5425d4639}") = "Serialization", "RemObjects.Elements.Serialization\Serialization.elements", "{c0fa7d07-304e-4005-9745-c9263230b2ad}"
EndProject
Global
	GlobalSection(SolutionConfigurationPlatforms) = preSolution
		Debug|AnyCPU = Debug|AnyCPU
		Release|AnyCPU = Release|AnyCPU
	EndGlobalSection
	GlobalSection(ProjectConfigurationPlatforms) = postSolution
		{6f89f939-4116-4b8b-b0a8-71e6f56ed4bd}.Debug|AnyCPU.ActiveCfg = Debug|AnyCPU
		{6f89f939-4116-4b8b-b0a8-71e6f56ed4bd}.Debug|AnyCPU.Build.0 = Debug|AnyCPU
		{6f89f939-4116-4b8b-b0a8-71e6f56ed4bd}.Release|AnyCPU.ActiveCfg = Release|AnyCPU
		{6f89f939-4116-4b8b-b0a8-71e6f56ed4bd}.Release|AnyCPU.Build.0 = Release|AnyCPU
		{c0fa7d07-304e-4005-9745-c9263230b2ad}.Debug|AnyCPU.ActiveCfg = Debug|AnyCPU
		{c0fa7d07-304e-4005-9745-c9263230b2ad}.Debug|AnyCPU.Build.0 = Debug|AnyCPU
		{c0fa7d07-304e-4005-9745-c9263230b2ad}.Release|AnyCPU.ActiveCfg = Release|AnyCPU
		{c0fa7d07-304e-4005-9745-c9263230b2ad}.Release|AnyCPU.Build.0 = Release|AnyCPU
	EndGlobalSection
	GlobalSection(SolutionProperties) = preSolution
		HideSolutionNode = FALSE
	EndGlobalSection
EndGlobal