
Microsoft Visual Studio Solution File, Format Version 12.00
# RemObjects Fire
Project("{656346D9-4656-40DA-A068-22D5425D4639}") = "Elements.RTL.Shared", "Elements.RTL.Shared.elements", "{ABEC8ACC-B076-406C-871B-581E8AF0A453}"
EndProject
Project("{656346D9-4656-40DA-A068-22D5425D4639}") = "Elements.RTL.Toffee.macOS", "Elements.RTL.Toffee.macOS.elements", "{58D52FE5-E87E-4D9C-8FBB-280980F6762B}"
EndProject
Global
	GlobalSection(SolutionConfigurationPlatforms) = preSolution
		Debug|AnyCPU = Debug|AnyCPU
		Release|AnyCPU = Release|AnyCPU
	EndGlobalSection
	GlobalSection(ProjectConfigurationPlatforms) = postSolution
		{ABEC8ACC-B076-406C-871B-581E8AF0A453}.Debug|AnyCPU.ActiveCfg = Debug|AnyCPU
		{ABEC8ACC-B076-406C-871B-581E8AF0A453}.Release|AnyCPU.ActiveCfg = Release|AnyCPU
		{58D52FE5-E87E-4D9C-8FBB-280980F6762B}.Debug|AnyCPU.ActiveCfg = Debug|AnyCPU
		{58D52FE5-E87E-4D9C-8FBB-280980F6762B}.Debug|AnyCPU.Build.0 = Debug|AnyCPU
		{58D52FE5-E87E-4D9C-8FBB-280980F6762B}.Release|AnyCPU.ActiveCfg = Release|AnyCPU
		{58D52FE5-E87E-4D9C-8FBB-280980F6762B}.Release|AnyCPU.Build.0 = Release|AnyCPU
	EndGlobalSection
	GlobalSection(SolutionProperties) = preSolution
		HideSolutionNode = FALSE
	EndGlobalSection
EndGlobal