
Microsoft Visual Studio Solution File, Format Version 12.00
# RemObjects Fire
Project("{656346D9-4656-40DA-A068-22D5425D4639}") = "Elements.RTL.Cooper", "Elements.RTL.Cooper.elements", "{F9717E15-88BC-4853-8D07-8DBAD8C0B2A9}"
EndProject
Project("{656346D9-4656-40DA-A068-22D5425D4639}") = "Elements.RTL.Echoes", "Elements.RTL.Echoes.elements", "{A0B2BF66-F2B1-4EF9-A9CE-792AB3094233}"
EndProject
Project("{656346D9-4656-40DA-A068-22D5425D4639}") = "Elements.RTL.Island.Linux", "Elements.RTL.Island.Linux.elements", "{163F84DC-DC6B-4535-994F-0865D3A84D20}"
EndProject
Project("{656346D9-4656-40DA-A068-22D5425D4639}") = "Elements.RTL.Island.Windows", "Elements.RTL.Island.Windows.elements", "{6F888992-4293-4097-8AA3-6667E0187D4F}"
EndProject
Project("{656346D9-4656-40DA-A068-22D5425D4639}") = "Elements.RTL.Shared", "Elements.RTL.Shared.elements", "{ABEC8ACC-B076-406C-871B-581E8AF0A453}"
EndProject
Project("{656346D9-4656-40DA-A068-22D5425D4639}") = "Elements.RTL.Toffee.iOS", "Elements.RTL.Toffee.iOS.elements", "{EC0982C8-700B-4085-A401-59460E394DAA}"
EndProject
Project("{656346D9-4656-40DA-A068-22D5425D4639}") = "Elements.RTL.Toffee.macOS", "Elements.RTL.Toffee.macOS.elements", "{58D52FE5-E87E-4D9C-8FBB-280980F6762B}"
EndProject
Global
	GlobalSection(SolutionConfigurationPlatforms) = preSolution
		Release|AnyCPU = Release|AnyCPU
		Debug|AnyCPU = Debug|AnyCPU
	EndGlobalSection
	GlobalSection(ProjectConfigurationPlatforms) = postSolution
		{F9717E15-88BC-4853-8D07-8DBAD8C0B2A9}.Release|AnyCPU.ActiveCfg = Release|AnyCPU
		{F9717E15-88BC-4853-8D07-8DBAD8C0B2A9}.Release|AnyCPU.Build.0 = Release|AnyCPU
		{F9717E15-88BC-4853-8D07-8DBAD8C0B2A9}.Debug|AnyCPU.ActiveCfg = Debug|AnyCPU
		{F9717E15-88BC-4853-8D07-8DBAD8C0B2A9}.Debug|AnyCPU.Build.0 = Debug|AnyCPU
		{A0B2BF66-F2B1-4EF9-A9CE-792AB3094233}.Release|AnyCPU.ActiveCfg = Release|AnyCPU
		{A0B2BF66-F2B1-4EF9-A9CE-792AB3094233}.Release|AnyCPU.Build.0 = Release|AnyCPU
		{A0B2BF66-F2B1-4EF9-A9CE-792AB3094233}.Debug|AnyCPU.ActiveCfg = Debug|AnyCPU
		{A0B2BF66-F2B1-4EF9-A9CE-792AB3094233}.Debug|AnyCPU.Build.0 = Debug|AnyCPU
		{163F84DC-DC6B-4535-994F-0865D3A84D20}.Release|AnyCPU.ActiveCfg = Release|AnyCPU
		{163F84DC-DC6B-4535-994F-0865D3A84D20}.Release|AnyCPU.Build.0 = Release|AnyCPU
		{163F84DC-DC6B-4535-994F-0865D3A84D20}.Debug|AnyCPU.ActiveCfg = Debug|AnyCPU
		{163F84DC-DC6B-4535-994F-0865D3A84D20}.Debug|AnyCPU.Build.0 = Debug|AnyCPU
		{6F888992-4293-4097-8AA3-6667E0187D4F}.Release|AnyCPU.ActiveCfg = Release|AnyCPU
		{6F888992-4293-4097-8AA3-6667E0187D4F}.Release|AnyCPU.Build.0 = Release|AnyCPU
		{6F888992-4293-4097-8AA3-6667E0187D4F}.Debug|AnyCPU.ActiveCfg = Debug|AnyCPU
		{6F888992-4293-4097-8AA3-6667E0187D4F}.Debug|AnyCPU.Build.0 = Debug|AnyCPU
		{ABEC8ACC-B076-406C-871B-581E8AF0A453}.Release|AnyCPU.ActiveCfg = Release|AnyCPU
		{ABEC8ACC-B076-406C-871B-581E8AF0A453}.Debug|AnyCPU.ActiveCfg = Debug|AnyCPU
		{EC0982C8-700B-4085-A401-59460E394DAA}.Release|AnyCPU.ActiveCfg = Release|AnyCPU
		{EC0982C8-700B-4085-A401-59460E394DAA}.Release|AnyCPU.Build.0 = Release|AnyCPU
		{EC0982C8-700B-4085-A401-59460E394DAA}.Debug|AnyCPU.ActiveCfg = Debug|AnyCPU
		{EC0982C8-700B-4085-A401-59460E394DAA}.Debug|AnyCPU.Build.0 = Debug|AnyCPU
		{58D52FE5-E87E-4D9C-8FBB-280980F6762B}.Release|AnyCPU.ActiveCfg = Release|AnyCPU
		{58D52FE5-E87E-4D9C-8FBB-280980F6762B}.Release|AnyCPU.Build.0 = Release|AnyCPU
		{58D52FE5-E87E-4D9C-8FBB-280980F6762B}.Debug|AnyCPU.ActiveCfg = Debug|AnyCPU
		{58D52FE5-E87E-4D9C-8FBB-280980F6762B}.Debug|AnyCPU.Build.0 = Debug|AnyCPU
	EndGlobalSection
	GlobalSection(SolutionProperties) = preSolution
		HideSolutionNode = FALSE
	EndGlobalSection
EndGlobal